
Microsoft Visual Studio Solution File, Format Version 12.00
# Visual Studio Version 16
VisualStudioVersion = 16.0.30804.86
MinimumVisualStudioVersion = 10.0.40219.1
Project("{FAE04EC0-301F-11D3-BF4B-00C04F79EFBC}") = "WinFormUI", "WinFormUI\WinFormUI.csproj", "{4CF40FFF-9377-4C9C-8F9E-FD62221B2405}"
EndProject
Global
	GlobalSection(SolutionConfigurationPlatforms) = preSolution
		Debug|Any CPU = Debug|Any CPU
		Release|Any CPU = Release|Any CPU
	EndGlobalSection
	GlobalSection(ProjectConfigurationPlatforms) = postSolution
		{4CF40FFF-9377-4C9C-8F9E-FD62221B2405}.Debug|Any CPU.ActiveCfg = Debug|Any CPU
		{4CF40FFF-9377-4C9C-8F9E-FD62221B2405}.Debug|Any CPU.Build.0 = Debug|Any CPU
		{4CF40FFF-9377-4C9C-8F9E-FD62221B2405}.Release|Any CPU.ActiveCfg = Release|Any CPU
		{4CF40FFF-9377-4C9C-8F9E-FD62221B2405}.Release|Any CPU.Build.0 = Release|Any CPU
	EndGlobalSection
	GlobalSection(SolutionProperties) = preSolution
		HideSolutionNode = FALSE
	EndGlobalSection
	GlobalSection(ExtensibilityGlobals) = postSolution
		SolutionGuid = {6B8D1E0F-89EC-4EF2-8930-13207F27371D}
	EndGlobalSection
EndGlobal
